
Microsoft Visual Studio Solution File, Format Version 12.00
# Visual Studio Version 17
VisualStudioVersion = 17.8.34322.80
MinimumVisualStudioVersion = 10.0.40219.1
Project("{9A19103F-16F7-4668-BE54-9A1E7A4F7556}") = "WpfAppControl", "WpfAppControl\WpfAppControl.csproj", "{DC4A9EEF-5855-4EE4-896D-BF2304BACF96}"
EndProject
Project("{FAE04EC0-301F-11D3-BF4B-00C04F79EFBC}") = "TestWpfAppControl", "TestWpfAppControl\TestWpfAppControl.csproj", "{90F8694F-C9B5-4039-84F2-45142414B665}"
EndProject
Project("{FAE04EC0-301F-11D3-BF4B-00C04F79EFBC}") = "TempApp1", "TempApp1\TempApp1.csproj", "{7E98D905-71D5-44D9-9C43-B9EB0E7323F6}"
EndProject
Global
	GlobalSection(SolutionConfigurationPlatforms) = preSolution
		Debug|Any CPU = Debug|Any CPU
		Release|Any CPU = Release|Any CPU
	EndGlobalSection
	GlobalSection(ProjectConfigurationPlatforms) = postSolution
		{DC4A9EEF-5855-4EE4-896D-BF2304BACF96}.Debug|Any CPU.ActiveCfg = Debug|Any CPU
		{DC4A9EEF-5855-4EE4-896D-BF2304BACF96}.Debug|Any CPU.Build.0 = Debug|Any CPU
		{DC4A9EEF-5855-4EE4-896D-BF2304BACF96}.Release|Any CPU.ActiveCfg = Release|Any CPU
		{DC4A9EEF-5855-4EE4-896D-BF2304BACF96}.Release|Any CPU.Build.0 = Release|Any CPU
		{90F8694F-C9B5-4039-84F2-45142414B665}.Debug|Any CPU.ActiveCfg = Debug|Any CPU
		{90F8694F-C9B5-4039-84F2-45142414B665}.Debug|Any CPU.Build.0 = Debug|Any CPU
		{90F8694F-C9B5-4039-84F2-45142414B665}.Release|Any CPU.ActiveCfg = Release|Any CPU
		{90F8694F-C9B5-4039-84F2-45142414B665}.Release|Any CPU.Build.0 = Release|Any CPU
		{7E98D905-71D5-44D9-9C43-B9EB0E7323F6}.Debug|Any CPU.ActiveCfg = Debug|Any CPU
		{7E98D905-71D5-44D9-9C43-B9EB0E7323F6}.Debug|Any CPU.Build.0 = Debug|Any CPU
		{7E98D905-71D5-44D9-9C43-B9EB0E7323F6}.Release|Any CPU.ActiveCfg = Release|Any CPU
		{7E98D905-71D5-44D9-9C43-B9EB0E7323F6}.Release|Any CPU.Build.0 = Release|Any CPU
	EndGlobalSection
	GlobalSection(SolutionProperties) = preSolution
		HideSolutionNode = FALSE
	EndGlobalSection
	GlobalSection(ExtensibilityGlobals) = postSolution
		SolutionGuid = {089FA208-F2CA-497E-960A-6087C1E22BC3}
	EndGlobalSection
EndGlobal
